
Microsoft Visual Studio Solution File, Format Version 12.00
# Visual Studio Version 16
VisualStudioVersion = 16.0.810.14
MinimumVisualStudioVersion = 10.0.40219.1
Project("{FAE04EC0-301F-11D3-BF4B-00C04F79EFBC}") = "MPMSRS", "MPMSRS\MPMSRS.csproj", "{632E9740-E016-436E-AD41-2CD8459FFF96}"
EndProject
Global
	GlobalSection(SolutionConfigurationPlatforms) = preSolution
		Debug|Any CPU = Debug|Any CPU
		Release|Any CPU = Release|Any CPU
	EndGlobalSection
	GlobalSection(ProjectConfigurationPlatforms) = postSolution
		{632E9740-E016-436E-AD41-2CD8459FFF96}.Debug|Any CPU.ActiveCfg = Debug|Any CPU
		{632E9740-E016-436E-AD41-2CD8459FFF96}.Debug|Any CPU.Build.0 = Debug|Any CPU
		{632E9740-E016-436E-AD41-2CD8459FFF96}.Release|Any CPU.ActiveCfg = Release|Any CPU
		{632E9740-E016-436E-AD41-2CD8459FFF96}.Release|Any CPU.Build.0 = Release|Any CPU
	EndGlobalSection
	GlobalSection(SolutionProperties) = preSolution
		HideSolutionNode = FALSE
	EndGlobalSection
	GlobalSection(ExtensibilityGlobals) = postSolution
		SolutionGuid = {BC3F0308-7641-4F0A-81E9-28DAC4D68812}
	EndGlobalSection
EndGlobal
